
Microsoft Visual Studio Solution File, Format Version 12.00
# Visual Studio Version 17
VisualStudioVersion = 17.2.32317.152
MinimumVisualStudioVersion = 10.0.40219.1
Project("{FAE04EC0-301F-11D3-BF4B-00C04F79EFBC}") = "RememberAskingPrice", "RememberAskingPrice\RememberAskingPrice.csproj", "{084E46CB-190E-4880-9F14-B83031A6A2EB}"
EndProject
Global
	GlobalSection(SolutionConfigurationPlatforms) = preSolution
		Debug|x64 = Debug|x64
		Release|x64 = Release|x64
	EndGlobalSection
	GlobalSection(ProjectConfigurationPlatforms) = postSolution
		{084E46CB-190E-4880-9F14-B83031A6A2EB}.Debug|x64.ActiveCfg = Debug|x64
		{084E46CB-190E-4880-9F14-B83031A6A2EB}.Debug|x64.Build.0 = Debug|x64
		{084E46CB-190E-4880-9F14-B83031A6A2EB}.Release|x64.ActiveCfg = Release|x64
		{084E46CB-190E-4880-9F14-B83031A6A2EB}.Release|x64.Build.0 = Release|x64
	EndGlobalSection
	GlobalSection(SolutionProperties) = preSolution
		HideSolutionNode = FALSE
	EndGlobalSection
	GlobalSection(ExtensibilityGlobals) = postSolution
		SolutionGuid = {88E9A4AE-B567-444F-8C61-8CB6BF62D493}
	EndGlobalSection
EndGlobal
